{"is_source_file": false, "format": "", "description": "", "external_files": [], "external_methods": [], "published": [], "classes": [], "methods": [], "calls": [], "search-terms": [], "state": 2, "file_id": 18, "knowledge_revision": 37, "git_revision": "15ad49b6d4cb3dfe6e50a2841c7d308c70590e0c", "hash": "e9b4c3b42cef0193b7fddb548d37e652", "format-version": 4, "code-base-name": "default", "filename": "quotes_frontend_workspace/quotes_frontend/post_process_status.lock", "revision_history": [{"37": "15ad49b6d4cb3dfe6e50a2841c7d308c70590e0c"}]}